# This file is autogenerated, do not edit; changes may be undone by the next 'dep ensure'.


[[projects]]
  name = "github.com/acoshift/gzip"
  packages = ["."]
  revision = "4d0cdce0d0fc57666ffcf5803e97a35d15a9e848"
  version = "v1.0.1"

[[projects]]
  branch = "master"
  name = "github.com/acoshift/header"
  packages = ["."]
  revision = "5c88c77f50897ba89140829b44b9d96c5050ff5a"

[[projects]]
  name = "github.com/acoshift/middleware"
  packages = ["."]
  revision = "eb528086425529ef1d014404066c11b3bfa15a92"
  version = "v0.2.0"

[[projects]]
  name = "github.com/acoshift/redirecthttps"
  packages = ["."]
  revision = "030218054b4b6dceba1e8c70aa8cd15b0fcfca8b"
  version = "v1.0.0"

[solve-meta]
  analyzer-name = "dep"
  analyzer-version = 1
  inputs-digest = "bcafed8f394ae1891f7fbe6eb5e004027009206816242dd6403b4c4477910a7c"
  solver-name = "gps-cdcl"
  solver-version = 1
